PODS:
  - Alamofire (4.7.3)
  - AlamofireImage (3.4.1):
    - Alamofire (~> 4.7)
  - Contentful (4.1.3):
    - Contentful/ImageOptions (= 4.1.3)
  - Contentful/ImageOptions (4.1.3)
  - ContentfulDialogs (2.0.0):
    - markymark
  - ContentfulPersistenceSwift (0.13.0):
    - Contentful (~> 4.1.0)
  - Keys (1.0.1)
  - markymark (8.0.0)

DEPENDENCIES:
  - AlamofireImage (~> 3)
  - ContentfulDialogs (from `https://github.com/contentful/contentful-ios-dialogs.git`)
  - ContentfulPersistenceSwift (~> 0.13.0)
  - Keys (from `Pods/CocoaPodsKeys`)
  - markymark

SPEC REPOS:
  https://github.com/cocoapods/specs.git:
    - Alamofire
    - AlamofireImage
    - Contentful
    - ContentfulPersistenceSwift
    - markymark

EXTERNAL SOURCES:
  ContentfulDialogs:
    :git: https://github.com/contentful/contentful-ios-dialogs.git
  Keys:
    :path: Pods/CocoaPodsKeys

CHECKOUT OPTIONS:
  ContentfulDialogs:
    :commit: 7d47122013b304989bcda99b2ad179f9704f3d51
    :git: https://github.com/contentful/contentful-ios-dialogs.git

SPEC CHECKSUMS:
  Alamofire: c7287b6e5d7da964a70935e5db17046b7fde6568
  AlamofireImage: 78d67ccbb763d87ba44b21583d2153500a195630
  Contentful: adb1e999e7c223615d84c00ad9556941b40df563
  ContentfulDialogs: 677a8406352443f0671205f6f2b18624b05115af
  ContentfulPersistenceSwift: 34dcc378e015a732b2595e9f6a4e5dcd47e4fe21
  Keys: a576f4c9c1c641ca913a959a9c62ed3f215a8de9
  markymark: 169ed4b8ce17cfa93ffb667884d2dd896f1a6d37

PODFILE CHECKSUM: 671ec04c8c6fa9054705181d90daabe7dfac2538

COCOAPODS: 1.6.0.beta.2
